
Microsoft Visual Studio Solution File, Format Version 12.00
# Visual Studio Version 17
VisualStudioVersion = 17.12.35506.116
MinimumVisualStudioVersion = 10.0.40219.1
Project("{FAE04EC0-301F-11D3-BF4B-00C04F79EFBC}") = "C#Bootcamp_301.EntityLayer", "C#Bootcamp_301.EntityLayer\C#Bootcamp_301.EntityLayer.csproj", "{F40EFAA1-40D5-48F1-A2C6-3C0E293E78D2}"
EndProject
Project("{FAE04EC0-301F-11D3-BF4B-00C04F79EFBC}") = "C#Bootcamp_301.BusinessLayer", "C#Bootcamp_301.BusinessLayer\C#Bootcamp_301.BusinessLayer.csproj", "{8D4F13EF-5D33-4205-ABC0-783788FED724}"
EndProject
Project("{FAE04EC0-301F-11D3-BF4B-00C04F79EFBC}") = "C#Bootcamp_301.DataAccessLayer", "C#Bootcamp_301.DataAccessLayer\C#Bootcamp_301.DataAccessLayer.csproj", "{04BD1C2C-1469-479D-919C-FA9605DD0A2F}"
EndProject
Project("{FAE04EC0-301F-11D3-BF4B-00C04F79EFBC}") = "C#Bootcamp_301.PresentationLayer", "C#Bootcamp_301.PresentationLayer\C#Bootcamp_301.PresentationLayer.csproj", "{80FA3A8E-72DC-4388-9CEC-C56B140766B7}"
EndProject
Project("{FAE04EC0-301F-11D3-BF4B-00C04F79EFBC}") = "C#Bootcamp_301.EFProject", "C#Bootcamp_301.EFProject\C#Bootcamp_301.EFProject.csproj", "{63B74E18-6567-484B-8350-80C8C8595ED5}"
EndProject
Global
	GlobalSection(SolutionConfigurationPlatforms) = preSolution
		Debug|Any CPU = Debug|Any CPU
		Release|Any CPU = Release|Any CPU
	EndGlobalSection
	GlobalSection(ProjectConfigurationPlatforms) = postSolution
		{F40EFAA1-40D5-48F1-A2C6-3C0E293E78D2}.Debug|Any CPU.ActiveCfg = Debug|Any CPU
		{F40EFAA1-40D5-48F1-A2C6-3C0E293E78D2}.Debug|Any CPU.Build.0 = Debug|Any CPU
		{F40EFAA1-40D5-48F1-A2C6-3C0E293E78D2}.Release|Any CPU.ActiveCfg = Release|Any CPU
		{F40EFAA1-40D5-48F1-A2C6-3C0E293E78D2}.Release|Any CPU.Build.0 = Release|Any CPU
		{8D4F13EF-5D33-4205-ABC0-783788FED724}.Debug|Any CPU.ActiveCfg = Debug|Any CPU
		{8D4F13EF-5D33-4205-ABC0-783788FED724}.Debug|Any CPU.Build.0 = Debug|Any CPU
		{8D4F13EF-5D33-4205-ABC0-783788FED724}.Release|Any CPU.ActiveCfg = Release|Any CPU
		{8D4F13EF-5D33-4205-ABC0-783788FED724}.Release|Any CPU.Build.0 = Release|Any CPU
		{04BD1C2C-1469-479D-919C-FA9605DD0A2F}.Debug|Any CPU.ActiveCfg = Debug|Any CPU
		{04BD1C2C-1469-479D-919C-FA9605DD0A2F}.Debug|Any CPU.Build.0 = Debug|Any CPU
		{04BD1C2C-1469-479D-919C-FA9605DD0A2F}.Release|Any CPU.ActiveCfg = Release|Any CPU
		{04BD1C2C-1469-479D-919C-FA9605DD0A2F}.Release|Any CPU.Build.0 = Release|Any CPU
		{80FA3A8E-72DC-4388-9CEC-C56B140766B7}.Debug|Any CPU.ActiveCfg = Debug|Any CPU
		{80FA3A8E-72DC-4388-9CEC-C56B140766B7}.Debug|Any CPU.Build.0 = Debug|Any CPU
		{80FA3A8E-72DC-4388-9CEC-C56B140766B7}.Release|Any CPU.ActiveCfg = Release|Any CPU
		{80FA3A8E-72DC-4388-9CEC-C56B140766B7}.Release|Any CPU.Build.0 = Release|Any CPU
		{63B74E18-6567-484B-8350-80C8C8595ED5}.Debug|Any CPU.ActiveCfg = Debug|Any CPU
		{63B74E18-6567-484B-8350-80C8C8595ED5}.Debug|Any CPU.Build.0 = Debug|Any CPU
		{63B74E18-6567-484B-8350-80C8C8595ED5}.Release|Any CPU.ActiveCfg = Release|Any CPU
		{63B74E18-6567-484B-8350-80C8C8595ED5}.Release|Any CPU.Build.0 = Release|Any CPU
	EndGlobalSection
	GlobalSection(SolutionProperties) = preSolution
		HideSolutionNode = FALSE
	EndGlobalSection
EndGlobal
