
Microsoft Visual Studio Solution File, Format Version 12.00
# Visual Studio Version 17
VisualStudioVersion = 17.11.35327.3
MinimumVisualStudioVersion = 10.0.40219.1
Project("{FAE04EC0-301F-11D3-BF4B-00C04F79EFBC}") = "C#Bootcamp_301.EntityLayer", "C#Bootcamp_301.EntityLayer\C#Bootcamp_301.EntityLayer.csproj", "{C50C58DD-185C-41E5-9C3F-E29C87405801}"
EndProject
Project("{FAE04EC0-301F-11D3-BF4B-00C04F79EFBC}") = "C#Bootcamp_301.DataAccessLayer", "C#Bootcamp_301.DataAccessLayer\C#Bootcamp_301.DataAccessLayer.csproj", "{B359622B-8CB4-4805-9E32-A35C75658E16}"
EndProject
Global
	GlobalSection(SolutionConfigurationPlatforms) = preSolution
		Debug|Any CPU = Debug|Any CPU
		Release|Any CPU = Release|Any CPU
	EndGlobalSection
	GlobalSection(ProjectConfigurationPlatforms) = postSolution
		{C50C58DD-185C-41E5-9C3F-E29C87405801}.Debug|Any CPU.ActiveCfg = Debug|Any CPU
		{C50C58DD-185C-41E5-9C3F-E29C87405801}.Debug|Any CPU.Build.0 = Debug|Any CPU
		{C50C58DD-185C-41E5-9C3F-E29C87405801}.Release|Any CPU.ActiveCfg = Release|Any CPU
		{C50C58DD-185C-41E5-9C3F-E29C87405801}.Release|Any CPU.Build.0 = Release|Any CPU
		{B359622B-8CB4-4805-9E32-A35C75658E16}.Debug|Any CPU.ActiveCfg = Debug|Any CPU
		{B359622B-8CB4-4805-9E32-A35C75658E16}.Debug|Any CPU.Build.0 = Debug|Any CPU
		{B359622B-8CB4-4805-9E32-A35C75658E16}.Release|Any CPU.ActiveCfg = Release|Any CPU
		{B359622B-8CB4-4805-9E32-A35C75658E16}.Release|Any CPU.Build.0 = Release|Any CPU
	EndGlobalSection
	GlobalSection(SolutionProperties) = preSolution
		HideSolutionNode = FALSE
	EndGlobalSection
	GlobalSection(ExtensibilityGlobals) = postSolution
		SolutionGuid = {72E63235-2D1A-4A1E-B460-7E6432F7FFD9}
	EndGlobalSection
EndGlobal
